{
  "requires": true,
  "lockfileVersion": 1,
  "dependencies": {
    "babylonjs": {
      "version": "3.2.0-beta.1",
      "resolved": "https://registry.npmjs.org/babylonjs/-/babylonjs-3.2.0-beta.1.tgz",
      "integrity": "sha512-vVcA7c2TO/SalQZw8K0eOkR363ZRkvEmXOzUCtoNmE82SShyUZsGYwfBrDwhAdiNbHRLW2S3ktAyT+lWqhe8gQ==",
      "requires": {
        "cannon": "0.6.2"
      }
    },
    "babylonjs-gltf2interface": {
      "version": "3.2.0-beta.1",
      "resolved": "https://registry.npmjs.org/babylonjs-gltf2interface/-/babylonjs-gltf2interface-3.2.0-beta.1.tgz",
      "integrity": "sha512-hrPkdL+PAZ0D/EiMHSOpBhUbBcqG8vFE6iFPotQU/UwUuf8II6p9zXO7AP25+bSylqxPoXlKojEKJWOHqmQQVw=="
    },
    "babylonjs-loaders": {
      "version": "3.2.0-beta.1",
      "resolved": "https://registry.npmjs.org/babylonjs-loaders/-/babylonjs-loaders-3.2.0-beta.1.tgz",
      "integrity": "sha512-/Fjkt5XirR3vZ/Djm0LIRLupDcTeV/QopLNZlB7TEdizH0foaT3p1S88DcpQeLqOmUrwjXT864JrIf/PeUohgw==",
      "requires": {
        "babylonjs-gltf2interface": "3.2.0-beta.1"
      }
    },
    "cannon": {
      "version": "0.6.2",
      "resolved": "https://registry.npmjs.org/cannon/-/cannon-0.6.2.tgz",
      "integrity": "sha1-HnvHLdWEGYLzwQTCvFeL+k+xxXI="
    }
  }
}
