{
  "name": "claygl-demo",
  "version": "1.0.0",
  "lockfileVersion": 1,
  "requires": true,
  "dependencies": {
    "claygl": {
      "version": "1.1.2",
      "resolved": "https://registry.npmjs.org/claygl/-/claygl-1.1.2.tgz",
      "integrity": "sha512-ouHQqIgLjsSxII1BojEcfllwZkcQUoOCYqzs3ohx60eBSmL9lC/a43ktsdcbA05fm9MSRGoexZgNU9xBS+ZOmg=="
    }
  }
}
