{
  "name": "claygl-demo",
  "version": "1.0.0",
  "lockfileVersion": 1,
  "requires": true,
  "dependencies": {
    "claygl": {
      "version": "1.1.1",
      "resolved": "https://registry.npmjs.org/claygl/-/claygl-1.1.1.tgz",
      "integrity": "sha512-DWjbD7ONrJ9fL4cLYFTXDWFJMnC/wC07w5sefPu9oSXYEaCWajaSkFgyH+MAbOG8HlENLeRG6CTg8U7upbO8ng=="
    }
  }
}
