{
  "name": "claygl-demo",
  "version": "1.0.0",
  "lockfileVersion": 1,
  "requires": true,
  "dependencies": {
    "claygl": {
      "version": "1.1.3",
      "resolved": "https://registry.npmjs.org/claygl/-/claygl-1.1.3.tgz",
      "integrity": "sha512-1mh0ddfpg1juSglaV6ZuylgMjmSwDS1RWCzqOKQxyQ4UWnsNt8NK0PI+WdPM5tCxDtpcEcWm2QbTrA13/2d+6A=="
    }
  }
}
